
Microsoft Visual Studio Solution File, Format Version 12.00
# Visual Studio 15
VisualStudioVersion = 15.0.28307.572
MinimumVisualStudioVersion = 10.0.40219.1
Project("{FAE04EC0-301F-11D3-BF4B-00C04F79EFBC}") = "PTStoXYZ", "PTStoXYZ\PTStoXYZ.csproj", "{7E2BD9F5-F9DE-4DDB-8023-4C18CDCEBEA0}"
EndProject
Global
	GlobalSection(SolutionConfigurationPlatforms) = preSolution
		Debug|Any CPU = Debug|Any CPU
		Release|Any CPU = Release|Any CPU
	EndGlobalSection
	GlobalSection(ProjectConfigurationPlatforms) = postSolution
		{7E2BD9F5-F9DE-4DDB-8023-4C18CDCEBEA0}.Debug|Any CPU.ActiveCfg = Debug|Any CPU
		{7E2BD9F5-F9DE-4DDB-8023-4C18CDCEBEA0}.Debug|Any CPU.Build.0 = Debug|Any CPU
		{7E2BD9F5-F9DE-4DDB-8023-4C18CDCEBEA0}.Release|Any CPU.ActiveCfg = Release|Any CPU
		{7E2BD9F5-F9DE-4DDB-8023-4C18CDCEBEA0}.Release|Any CPU.Build.0 = Release|Any CPU
	EndGlobalSection
	GlobalSection(SolutionProperties) = preSolution
		HideSolutionNode = FALSE
	EndGlobalSection
	GlobalSection(ExtensibilityGlobals) = postSolution
		SolutionGuid = {D87D22DC-E60A-4E1E-AB81-8D4E24D784AC}
	EndGlobalSection
EndGlobal
